
Microsoft Visual Studio Solution File, Format Version 12.00
# Visual Studio Version 16
VisualStudioVersion = 16.0.31424.327
MinimumVisualStudioVersion = 10.0.40219.1
Project("{FAE04EC0-301F-11D3-BF4B-00C04F79EFBC}") = "AspNetCoreSample", "AspNetCoreSample\AspNetCoreSample.csproj", "{B881C51A-02C3-4341-B12C-6DE9F0246925}"
EndProject
Global
	GlobalSection(SolutionConfigurationPlatforms) = preSolution
		Debug|Any CPU = Debug|Any CPU
		Release|Any CPU = Release|Any CPU
	EndGlobalSection
	GlobalSection(ProjectConfigurationPlatforms) = postSolution
		{B881C51A-02C3-4341-B12C-6DE9F0246925}.Debug|Any CPU.ActiveCfg = Debug|Any CPU
		{B881C51A-02C3-4341-B12C-6DE9F0246925}.Debug|Any CPU.Build.0 = Debug|Any CPU
		{B881C51A-02C3-4341-B12C-6DE9F0246925}.Release|Any CPU.ActiveCfg = Release|Any CPU
		{B881C51A-02C3-4341-B12C-6DE9F0246925}.Release|Any CPU.Build.0 = Release|Any CPU
	EndGlobalSection
	GlobalSection(SolutionProperties) = preSolution
		HideSolutionNode = FALSE
	EndGlobalSection
	GlobalSection(ExtensibilityGlobals) = postSolution
		SolutionGuid = {C5B840FD-B01E-45B9-924D-5FC83F9C27A5}
	EndGlobalSection
EndGlobal
